// !$*UTF8*$!
{
	archiveVersion = 1;
	classes = {
	};
	objectVersion = 50;
	objects = {

/* Begin PBXBuildFile section */
		1B0092B4246C02AF0020B582 /* MediaPlayback.storyboard in Resources */ = {isa = PBXBuildFile; fileRef = 1B0092B3246C02AF0020B582 /* MediaPlayback.storyboard */; };
		1B0092B6246C03170020B582 /* MediaCapture.storyboard in Resources */ = {isa = PBXBuildFile; fileRef = 1B0092B5246C03170020B582 /* MediaCapture.storyboard */; };
		1B0092B8246C059B0020B582 /* AudioRecorder.storyboard in Resources */ = {isa = PBXBuildFile; fileRef = 1B0092B7246C059B0020B582 /* AudioRecorder.storyboard */; };
		1B0092BD246C06BD0020B582 /* TexttoSpeech.storyboard in Resources */ = {isa = PBXBuildFile; fileRef = 1B0092BC246C06BD0020B582 /* TexttoSpeech.storyboard */; };
		1B0092BF246C18620020B582 /* TexttoSpeechVC.swift in Sources */ = {isa = PBXBuildFile; fileRef = 1B0092BE246C18620020B582 /* TexttoSpeechVC.swift */; };
		4604EA67246AE768004DA3A9 /* AppDelegate.swift in Sources */ = {isa = PBXBuildFile; fileRef = 4604EA66246AE768004DA3A9 /* AppDelegate.swift */; };
		4604EA69246AE768004DA3A9 /* SceneDelegate.swift in Sources */ = {isa = PBXBuildFile; fileRef = 4604EA68246AE768004DA3A9 /* SceneDelegate.swift */; };
		4604EA6B246AE768004DA3A9 /* MenuVC.swift in Sources */ = {isa = PBXBuildFile; fileRef = 4604EA6A246AE768004DA3A9 /* MenuVC.swift */; };
		4604EA6E246AE768004DA3A9 /* Main.storyboard in Resources */ = {isa = PBXBuildFile; fileRef = 4604EA6C246AE768004DA3A9 /* Main.storyboard */; };
		4604EA70246AE76A004DA3A9 /* Assets.xcassets in Resources */ = {isa = PBXBuildFile; fileRef = 4604EA6F246AE76A004DA3A9 /* Assets.xcassets */; };
		4604EA73246AE76A004DA3A9 /* LaunchScreen.storyboard in Resources */ = {isa = PBXBuildFile; fileRef = 4604EA71246AE76A004DA3A9 /* LaunchScreen.storyboard */; };
		4640ED0E246BBEB2003F5348 /* VideoCell.swift in Sources */ = {isa = PBXBuildFile; fileRef = 4640ED0D246BBEB2003F5348 /* VideoCell.swift */; };
		4640ED10246BBF74003F5348 /* VideoCell.xib in Resources */ = {isa = PBXBuildFile; fileRef = 4640ED0F246BBF74003F5348 /* VideoCell.xib */; };
		46D3CCDA246BDDF7002A0106 /* NormalCell.swift in Sources */ = {isa = PBXBuildFile; fileRef = 46D3CCD8246BDDF7002A0106 /* NormalCell.swift */; };
		46D3CCDB246BDDF7002A0106 /* NormalCell.xib in Resources */ = {isa = PBXBuildFile; fileRef = 46D3CCD9246BDDF7002A0106 /* NormalCell.xib */; };
		46D3CCDD246C18C2002A0106 /* MediaPlaybackVC.swift in Sources */ = {isa = PBXBuildFile; fileRef = 46D3CCDC246C18C2002A0106 /* MediaPlaybackVC.swift */; };
		46D3CCDF246C1AFB002A0106 /* VideoView.swift in Sources */ = {isa = PBXBuildFile; fileRef = 46D3CCDE246C1AFB002A0106 /* VideoView.swift */; };
		46D3CCE1246C2DD2002A0106 /* title.mp3 in Resources */ = {isa = PBXBuildFile; fileRef = 46D3CCE0246C2DD2002A0106 /* title.mp3 */; };
		46D3CCE3246C3D54002A0106 /* VideoHelper.swift in Sources */ = {isa = PBXBuildFile; fileRef = 46D3CCE2246C3D54002A0106 /* VideoHelper.swift */; };
		46D3CCE9246C3E7E002A0106 /* RecordVideoVC.swift in Sources */ = {isa = PBXBuildFile; fileRef = 46D3CCE8246C3E7E002A0106 /* RecordVideoVC.swift */; };
/* End PBXBuildFile section */

/* Begin PBXFileReference section */
		1B0092B3246C02AF0020B582 /* MediaPlayback.storyboard */ = {isa = PBXFileReference; fileEncoding = 4; lastKnownFileType = file.storyboard; path = MediaPlayback.storyboard; sourceTree = "<group>"; };
		1B0092B5246C03170020B582 /* MediaCapture.storyboard */ = {isa = PBXFileReference; fileEncoding = 4; lastKnownFileType = file.storyboard; path = MediaCapture.storyboard; sourceTree = "<group>"; };
		1B0092B7246C059B0020B582 /* AudioRecorder.storyboard */ = {isa = PBXFileReference; fileEncoding = 4; lastKnownFileType = file.storyboard; path = AudioRecorder.storyboard; sourceTree = "<group>"; };
		1B0092BC246C06BD0020B582 /* TexttoSpeech.storyboard */ = {isa = PBXFileReference; fileEncoding = 4; lastKnownFileType = file.storyboard; path = TexttoSpeech.storyboard; sourceTree = "<group>"; };
		1B0092BE246C18620020B582 /* TexttoSpeechVC.swift */ = {isa = PBXFileReference; lastKnownFileType = sourcecode.swift; path = TexttoSpeechVC.swift; sourceTree = "<group>"; };
		4604EA63246AE768004DA3A9 /* GOPDC.app */ = {isa = PBXFileReference; explicitFileType = wrapper.application; includeInIndex = 0; path = GOPDC.app; sourceTree = BUILT_PRODUCTS_DIR; };
		4604EA66246AE768004DA3A9 /* AppDelegate.swift */ = {isa = PBXFileReference; lastKnownFileType = sourcecode.swift; path = AppDelegate.swift; sourceTree = "<group>"; };
		4604EA68246AE768004DA3A9 /* SceneDelegate.swift */ = {isa = PBXFileReference; lastKnownFileType = sourcecode.swift; path = SceneDelegate.swift; sourceTree = "<group>"; };
		4604EA6A246AE768004DA3A9 /* MenuVC.swift */ = {isa = PBXFileReference; lastKnownFileType = sourcecode.swift; path = MenuVC.swift; sourceTree = "<group>"; };
		4604EA6D246AE768004DA3A9 /* Base */ = {isa = PBXFileReference; lastKnownFileType = file.storyboard; name = Base; path = Base.lproj/Main.storyboard; sourceTree = "<group>"; };
		4604EA6F246AE76A004DA3A9 /* Assets.xcassets */ = {isa = PBXFileReference; lastKnownFileType = folder.assetcatalog; path = Assets.xcassets; sourceTree = "<group>"; };
		4604EA72246AE76A004DA3A9 /* Base */ = {isa = PBXFileReference; lastKnownFileType = file.storyboard; name = Base; path = Base.lproj/LaunchScreen.storyboard; sourceTree = "<group>"; };
		4604EA74246AE76A004DA3A9 /* Info.plist */ = {isa = PBXFileReference; lastKnownFileType = text.plist.xml; path = Info.plist; sourceTree = "<group>"; };
		4640ED0D246BBEB2003F5348 /* VideoCell.swift */ = {isa = PBXFileReference; lastKnownFileType = sourcecode.swift; path = VideoCell.swift; sourceTree = "<group>"; };
		4640ED0F246BBF74003F5348 /* VideoCell.xib */ = {isa = PBXFileReference; lastKnownFileType = file.xib; path = VideoCell.xib; sourceTree = "<group>"; };
		46D3CCD8246BDDF7002A0106 /* NormalCell.swift */ = {isa = PBXFileReference; fileEncoding = 4; lastKnownFileType = sourcecode.swift; path = NormalCell.swift; sourceTree = "<group>"; };
		46D3CCD9246BDDF7002A0106 /* NormalCell.xib */ = {isa = PBXFileReference; fileEncoding = 4; lastKnownFileType = file.xib; path = NormalCell.xib; sourceTree = "<group>"; };
		46D3CCDC246C18C2002A0106 /* MediaPlaybackVC.swift */ = {isa = PBXFileReference; lastKnownFileType = sourcecode.swift; path = MediaPlaybackVC.swift; sourceTree = "<group>"; };
		46D3CCDE246C1AFB002A0106 /* VideoView.swift */ = {isa = PBXFileReference; lastKnownFileType = sourcecode.swift; path = VideoView.swift; sourceTree = "<group>"; };
		46D3CCE0246C2DD2002A0106 /* title.mp3 */ = {isa = PBXFileReference; lastKnownFileType = audio.mp3; path = title.mp3; sourceTree = "<group>"; };
		46D3CCE2246C3D54002A0106 /* VideoHelper.swift */ = {isa = PBXFileReference; lastKnownFileType = sourcecode.swift; path = VideoHelper.swift; sourceTree = "<group>"; };
		46D3CCE8246C3E7E002A0106 /* RecordVideoVC.swift */ = {isa = PBXFileReference; lastKnownFileType = sourcecode.swift; path = RecordVideoVC.swift; sourceTree = "<group>"; };
/* End PBXFileReference section */

/* Begin PBXFrameworksBuildPhase section */
		4604EA60246AE768004DA3A9 /* Frameworks */ = {
			isa = PBXFrameworksBuildPhase;
			buildActionMask = 2147483647;
			files = (
			);
			runOnlyForDeploymentPostprocessing = 0;
		};
/* End PBXFrameworksBuildPhase section */

/* Begin PBXGroup section */
		4604EA5A246AE767004DA3A9 = {
			isa = PBXGroup;
			children = (
				4604EA65246AE768004DA3A9 /* GOPDC */,
				4604EA64246AE768004DA3A9 /* Products */,
			);
			sourceTree = "<group>";
		};
		4604EA64246AE768004DA3A9 /* Products */ = {
			isa = PBXGroup;
			children = (
				4604EA63246AE768004DA3A9 /* GOPDC.app */,
			);
			name = Products;
			sourceTree = "<group>";
		};
		4604EA65246AE768004DA3A9 /* GOPDC */ = {
			isa = PBXGroup;
			children = (
				46D3CCE7246C3E52002A0106 /* Helper */,
				46D3CCE6246C3E40002A0106 /* Storyboard */,
				46D3CCE5246C3E12002A0106 /* View */,
				46D3CCE4246C3E02002A0106 /* Controller */,
				4604EA66246AE768004DA3A9 /* AppDelegate.swift */,
				4604EA68246AE768004DA3A9 /* SceneDelegate.swift */,
				4604EA6F246AE76A004DA3A9 /* Assets.xcassets */,
				4604EA74246AE76A004DA3A9 /* Info.plist */,
				46D3CCE0246C2DD2002A0106 /* title.mp3 */,
			);
			path = GOPDC;
			sourceTree = "<group>";
		};
		46D3CCE4246C3E02002A0106 /* Controller */ = {
			isa = PBXGroup;
			children = (
				4604EA6A246AE768004DA3A9 /* MenuVC.swift */,
				46D3CCDC246C18C2002A0106 /* MediaPlaybackVC.swift */,
				1B0092BE246C18620020B582 /* TexttoSpeechVC.swift */,
				46D3CCE8246C3E7E002A0106 /* RecordVideoVC.swift */,
			);
			path = Controller;
			sourceTree = "<group>";
		};
		46D3CCE5246C3E12002A0106 /* View */ = {
			isa = PBXGroup;
			children = (
				4640ED0D246BBEB2003F5348 /* VideoCell.swift */,
				4640ED0F246BBF74003F5348 /* VideoCell.xib */,
				46D3CCD8246BDDF7002A0106 /* NormalCell.swift */,
				46D3CCD9246BDDF7002A0106 /* NormalCell.xib */,
				46D3CCDE246C1AFB002A0106 /* VideoView.swift */,
			);
			path = View;
			sourceTree = "<group>";
		};
		46D3CCE6246C3E40002A0106 /* Storyboard */ = {
			isa = PBXGroup;
			children = (
				4604EA6C246AE768004DA3A9 /* Main.storyboard */,
				1B0092B5246C03170020B582 /* MediaCapture.storyboard */,
				1B0092B3246C02AF0020B582 /* MediaPlayback.storyboard */,
				1B0092B7246C059B0020B582 /* AudioRecorder.storyboard */,
				1B0092BC246C06BD0020B582 /* TexttoSpeech.storyboard */,
				4604EA71246AE76A004DA3A9 /* LaunchScreen.storyboard */,
			);
			path = Storyboard;
			sourceTree = "<group>";
		};
		46D3CCE7246C3E52002A0106 /* Helper */ = {
			isa = PBXGroup;
			children = (
				46D3CCE2246C3D54002A0106 /* VideoHelper.swift */,
			);
			path = Helper;
			sourceTree = "<group>";
		};
/* End PBXGroup section */

/* Begin PBXNativeTarget section */
		4604EA62246AE768004DA3A9 /* GOPDC */ = {
			isa = PBXNativeTarget;
			buildConfigurationList = 4604EA77246AE76A004DA3A9 /* Build configuration list for PBXNativeTarget "GOPDC" */;
			buildPhases = (
				4604EA5F246AE768004DA3A9 /* Sources */,
				4604EA60246AE768004DA3A9 /* Frameworks */,
				4604EA61246AE768004DA3A9 /* Resources */,
			);
			buildRules = (
			);
			dependencies = (
			);
			name = GOPDC;
			productName = GOPDC;
			productReference = 4604EA63246AE768004DA3A9 /* GOPDC.app */;
			productType = "com.apple.product-type.application";
		};
/* End PBXNativeTarget section */

/* Begin PBXProject section */
		4604EA5B246AE767004DA3A9 /* Project object */ = {
			isa = PBXProject;
			attributes = {
				LastSwiftUpdateCheck = 1140;
				LastUpgradeCheck = 1140;
				ORGANIZATIONNAME = "David Gunawan";
				TargetAttributes = {
					4604EA62246AE768004DA3A9 = {
						CreatedOnToolsVersion = 11.4.1;
					};
				};
			};
			buildConfigurationList = 4604EA5E246AE767004DA3A9 /* Build configuration list for PBXProject "GOPDC" */;
			compatibilityVersion = "Xcode 9.3";
			developmentRegion = en;
			hasScannedForEncodings = 0;
			knownRegions = (
				en,
				Base,
			);
			mainGroup = 4604EA5A246AE767004DA3A9;
			productRefGroup = 4604EA64246AE768004DA3A9 /* Products */;
			projectDirPath = "";
			projectRoot = "";
			targets = (
				4604EA62246AE768004DA3A9 /* GOPDC */,
			);
		};
/* End PBXProject section */

/* Begin PBXResourcesBuildPhase section */
		4604EA61246AE768004DA3A9 /* Resources */ = {
			isa = PBXResourcesBuildPhase;
			buildActionMask = 2147483647;
			files = (
				4604EA73246AE76A004DA3A9 /* LaunchScreen.storyboard in Resources */,
				4640ED10246BBF74003F5348 /* VideoCell.xib in Resources */,
				1B0092B4246C02AF0020B582 /* MediaPlayback.storyboard in Resources */,
				1B0092BD246C06BD0020B582 /* TexttoSpeech.storyboard in Resources */,
				1B0092B6246C03170020B582 /* MediaCapture.storyboard in Resources */,
				4604EA70246AE76A004DA3A9 /* Assets.xcassets in Resources */,
				46D3CCE1246C2DD2002A0106 /* title.mp3 in Resources */,
				4604EA6E246AE768004DA3A9 /* Main.storyboard in Resources */,
				46D3CCDB246BDDF7002A0106 /* NormalCell.xib in Resources */,
				1B0092B8246C059B0020B582 /* AudioRecorder.storyboard in Resources */,
			);
			runOnlyForDeploymentPostprocessing = 0;
		};
/* End PBXResourcesBuildPhase section */

/* Begin PBXSourcesBuildPhase section */
		4604EA5F246AE768004DA3A9 /* Sources */ = {
			isa = PBXSourcesBuildPhase;
			buildActionMask = 2147483647;
			files = (
				46D3CCE3246C3D54002A0106 /* VideoHelper.swift in Sources */,
				1B0092BF246C18620020B582 /* TexttoSpeechVC.swift in Sources */,
				4604EA6B246AE768004DA3A9 /* MenuVC.swift in Sources */,
				46D3CCDF246C1AFB002A0106 /* VideoView.swift in Sources */,
				4640ED0E246BBEB2003F5348 /* VideoCell.swift in Sources */,
				46D3CCDD246C18C2002A0106 /* MediaPlaybackVC.swift in Sources */,
				4604EA67246AE768004DA3A9 /* AppDelegate.swift in Sources */,
				46D3CCE9246C3E7E002A0106 /* RecordVideoVC.swift in Sources */,
				46D3CCDA246BDDF7002A0106 /* NormalCell.swift in Sources */,
				4604EA69246AE768004DA3A9 /* SceneDelegate.swift in Sources */,
			);
			runOnlyForDeploymentPostprocessing = 0;
		};
/* End PBXSourcesBuildPhase section */

/* Begin PBXVariantGroup section */
		4604EA6C246AE768004DA3A9 /* Main.storyboard */ = {
			isa = PBXVariantGroup;
			children = (
				4604EA6D246AE768004DA3A9 /* Base */,
			);
			name = Main.storyboard;
			sourceTree = "<group>";
		};
		4604EA71246AE76A004DA3A9 /* LaunchScreen.storyboard */ = {
			isa = PBXVariantGroup;
			children = (
				4604EA72246AE76A004DA3A9 /* Base */,
			);
			name = LaunchScreen.storyboard;
			sourceTree = "<group>";
		};
/* End PBXVariantGroup section */

/* Begin XCBuildConfiguration section */
		4604EA75246AE76A004DA3A9 /* Debug */ = {
			isa = XCBuildConfiguration;
			buildSettings = {
				ALWAYS_SEARCH_USER_PATHS = NO;
				CLANG_ANALYZER_NONNULL = YES;
				CLANG_ANALYZER_NUMBER_OBJECT_CONVERSION = YES_AGGRESSIVE;
				CLANG_CXX_LANGUAGE_STANDARD = "gnu++14";
				CLANG_CXX_LIBRARY = "libc++";
				CLANG_ENABLE_MODULES = YES;
				CLANG_ENABLE_OBJC_ARC = YES;
				CLANG_ENABLE_OBJC_WEAK = YES;
				CLANG_WARN_BLOCK_CAPTURE_AUTORELEASING = YES;
				CLANG_WARN_BOOL_CONVERSION = YES;
				CLANG_WARN_COMMA = YES;
				CLANG_WARN_CONSTANT_CONVERSION = YES;
				CLANG_WARN_DEPRECATED_OBJC_IMPLEMENTATIONS = YES;
				CLANG_WARN_DIRECT_OBJC_ISA_USAGE = YES_ERROR;
				CLANG_WARN_DOCUMENTATION_COMMENTS = YES;
				CLANG_WARN_EMPTY_BODY = YES;
				CLANG_WARN_ENUM_CONVERSION = YES;
				CLANG_WARN_INFINITE_RECURSION = YES;
				CLANG_WARN_INT_CONVERSION = YES;
				CLANG_WARN_NON_LITERAL_NULL_CONVERSION = YES;
				CLANG_WARN_OBJC_IMPLICIT_RETAIN_SELF = YES;
				CLANG_WARN_OBJC_LITERAL_CONVERSION = YES;
				CLANG_WARN_OBJC_ROOT_CLASS = YES_ERROR;
				CLANG_WARN_RANGE_LOOP_ANALYSIS = YES;
				CLANG_WARN_STRICT_PROTOTYPES = YES;
				CLANG_WARN_SUSPICIOUS_MOVE = YES;
				CLANG_WARN_UNGUARDED_AVAILABILITY = YES_AGGRESSIVE;
				CLANG_WARN_UNREACHABLE_CODE = YES;
				CLANG_WARN__DUPLICATE_METHOD_MATCH = YES;
				COPY_PHASE_STRIP = NO;
				DEBUG_INFORMATION_FORMAT = dwarf;
				ENABLE_STRICT_OBJC_MSGSEND = YES;
				ENABLE_TESTABILITY = YES;
				GCC_C_LANGUAGE_STANDARD = gnu11;
				GCC_DYNAMIC_NO_PIC = NO;
				GCC_NO_COMMON_BLOCKS = YES;
				GCC_OPTIMIZATION_LEVEL = 0;
				GCC_PREPROCESSOR_DEFINITIONS = (
					"DEBUG=1",
					"$(inherited)",
				);
				GCC_WARN_64_TO_32_BIT_CONVERSION = YES;
				GCC_WARN_ABOUT_RETURN_TYPE = YES_ERROR;
				GCC_WARN_UNDECLARED_SELECTOR = YES;
				GCC_WARN_UNINITIALIZED_AUTOS = YES_AGGRESSIVE;
				GCC_WARN_UNUSED_FUNCTION = YES;
				GCC_WARN_UNUSED_VARIABLE = YES;
				IPHONEOS_DEPLOYMENT_TARGET = 13.4;
				MTL_ENABLE_DEBUG_INFO = INCLUDE_SOURCE;
				MTL_FAST_MATH = YES;
				ONLY_ACTIVE_ARCH = YES;
				SDKROOT = iphoneos;
				SWIFT_ACTIVE_COMPILATION_CONDITIONS = DEBUG;
				SWIFT_OPTIMIZATION_LEVEL = "-Onone";
			};
			name = Debug;
		};
		4604EA76246AE76A004DA3A9 /* Release */ = {
			isa = XCBuildConfiguration;
			buildSettings = {
				ALWAYS_SEARCH_USER_PATHS = NO;
				CLANG_ANALYZER_NONNULL = YES;
				CLANG_ANALYZER_NUMBER_OBJECT_CONVERSION = YES_AGGRESSIVE;
				CLANG_CXX_LANGUAGE_STANDARD = "gnu++14";
				CLANG_CXX_LIBRARY = "libc++";
				CLANG_ENABLE_MODULES = YES;
				CLANG_ENABLE_OBJC_ARC = YES;
				CLANG_ENABLE_OBJC_WEAK = YES;
				CLANG_WARN_BLOCK_CAPTURE_AUTORELEASING = YES;
				CLANG_WARN_BOOL_CONVERSION = YES;
				CLANG_WARN_COMMA = YES;
				CLANG_WARN_CONSTANT_CONVERSION = YES;
				CLANG_WARN_DEPRECATED_OBJC_IMPLEMENTATIONS = YES;
				CLANG_WARN_DIRECT_OBJC_ISA_USAGE = YES_ERROR;
				CLANG_WARN_DOCUMENTATION_COMMENTS = YES;
				CLANG_WARN_EMPTY_BODY = YES;
				CLANG_WARN_ENUM_CONVERSION = YES;
				CLANG_WARN_INFINITE_RECURSION = YES;
				CLANG_WARN_INT_CONVERSION = YES;
				CLANG_WARN_NON_LITERAL_NULL_CONVERSION = YES;
				CLANG_WARN_OBJC_IMPLICIT_RETAIN_SELF = YES;
				CLANG_WARN_OBJC_LITERAL_CONVERSION = YES;
				CLANG_WARN_OBJC_ROOT_CLASS = YES_ERROR;
				CLANG_WARN_RANGE_LOOP_ANALYSIS = YES;
				CLANG_WARN_STRICT_PROTOTYPES = YES;
				CLANG_WARN_SUSPICIOUS_MOVE = YES;
				CLANG_WARN_UNGUARDED_AVAILABILITY = YES_AGGRESSIVE;
				CLANG_WARN_UNREACHABLE_CODE = YES;
				CLANG_WARN__DUPLICATE_METHOD_MATCH = YES;
				COPY_PHASE_STRIP = NO;
				DEBUG_INFORMATION_FORMAT = "dwarf-with-dsym";
				ENABLE_NS_ASSERTIONS = NO;
				ENABLE_STRICT_OBJC_MSGSEND = YES;
				GCC_C_LANGUAGE_STANDARD = gnu11;
				GCC_NO_COMMON_BLOCKS = YES;
				GCC_WARN_64_TO_32_BIT_CONVERSION = YES;
				GCC_WARN_ABOUT_RETURN_TYPE = YES_ERROR;
				GCC_WARN_UNDECLARED_SELECTOR = YES;
				GCC_WARN_UNINITIALIZED_AUTOS = YES_AGGRESSIVE;
				GCC_WARN_UNUSED_FUNCTION = YES;
				GCC_WARN_UNUSED_VARIABLE = YES;
				IPHONEOS_DEPLOYMENT_TARGET = 13.4;
				MTL_ENABLE_DEBUG_INFO = NO;
				MTL_FAST_MATH = YES;
				SDKROOT = iphoneos;
				SWIFT_COMPILATION_MODE = wholemodule;
				SWIFT_OPTIMIZATION_LEVEL = "-O";
				VALIDATE_PRODUCT = YES;
			};
			name = Release;
		};
		4604EA78246AE76A004DA3A9 /* Debug */ = {
			isa = XCBuildConfiguration;
			buildSettings = {
				ASSETCATALOG_COMPILER_APPICON_NAME = AppIcon;
				CODE_SIGN_STYLE = Automatic;
				DEVELOPMENT_TEAM = GD8VREVBA4;
				INFOPLIST_FILE = GOPDC/Info.plist;
				LD_RUNPATH_SEARCH_PATHS = (
					"$(inherited)",
					"@executable_path/Frameworks",
				);
				PRODUCT_BUNDLE_IDENTIFIER = davidgun.GOPDC;
				PRODUCT_NAME = "$(TARGET_NAME)";
				SWIFT_VERSION = 5.0;
				TARGETED_DEVICE_FAMILY = "1,2";
			};
			name = Debug;
		};
		4604EA79246AE76A004DA3A9 /* Release */ = {
			isa = XCBuildConfiguration;
			buildSettings = {
				ASSETCATALOG_COMPILER_APPICON_NAME = AppIcon;
				CODE_SIGN_STYLE = Automatic;
				DEVELOPMENT_TEAM = GD8VREVBA4;
				INFOPLIST_FILE = GOPDC/Info.plist;
				LD_RUNPATH_SEARCH_PATHS = (
					"$(inherited)",
					"@executable_path/Frameworks",
				);
				PRODUCT_BUNDLE_IDENTIFIER = davidgun.GOPDC;
				PRODUCT_NAME = "$(TARGET_NAME)";
				SWIFT_VERSION = 5.0;
				TARGETED_DEVICE_FAMILY = "1,2";
			};
			name = Release;
		};
/* End XCBuildConfiguration section */

/* Begin XCConfigurationList section */
		4604EA5E246AE767004DA3A9 /* Build configuration list for PBXProject "GOPDC" */ = {
			isa = XCConfigurationList;
			buildConfigurations = (
				4604EA75246AE76A004DA3A9 /* Debug */,
				4604EA76246AE76A004DA3A9 /* Release */,
			);
			defaultConfigurationIsVisible = 0;
			defaultConfigurationName = Release;
		};
		4604EA77246AE76A004DA3A9 /* Build configuration list for PBXNativeTarget "GOPDC" */ = {
			isa = XCConfigurationList;
			buildConfigurations = (
				4604EA78246AE76A004DA3A9 /* Debug */,
				4604EA79246AE76A004DA3A9 /* Release */,
			);
			defaultConfigurationIsVisible = 0;
			defaultConfigurationName = Release;
		};
/* End XCConfigurationList section */
	};
	rootObject = 4604EA5B246AE767004DA3A9 /* Project object */;
}
